github.com/biter777/countries v1.7.5 h1:MJ+n3+rSxWQdqVJU8eBy9RqcdH6ePPn4PJHocVWUa+Q=
github.com/biter777/countries v1.7.5/go.mod h1:1HSpZ526mYqKJcpT5Ti1kcGQ0L0SrXWIaptUWjFfv2E=
gonum.org/v1/gonum v0.16.0 h1:5+ul4Swaf3ESvrOnidPp4GZbzf0mxVQpDCYUQE7OJfk=
gonum.org/v1/gonum v0.16.0/go.mod h1:fef3am4MQ93R2HHpKnLk4/Tbh/s0+wqD5nfa6Pnwy4E=
